// !$*UTF8*$!
{
	archiveVersion = 1;
	classes = {
	};
	objectVersion = 48;
	objects = {

/* Begin PBXBuildFile section */
		E95B68AD1FB07C0D008143E5 /* AppDelegate.m in Sources */ = {isa = PBXBuildFile; fileRef = E95B68AC1FB07C0D008143E5 /* AppDelegate.m */; };
		E95B68B31FB07C0D008143E5 /* Main.storyboard in Resources */ = {isa = PBXBuildFile; fileRef = E95B68B11FB07C0D008143E5 /* Main.storyboard */; };
		E95B68B51FB07C0D008143E5 /* Assets.xcassets in Resources */ = {isa = PBXBuildFile; fileRef = E95B68B41FB07C0D008143E5 /* Assets.xcassets */; };
		E95B68B81FB07C0D008143E5 /* LaunchScreen.storyboard in Resources */ = {isa = PBXBuildFile; fileRef = E95B68B61FB07C0D008143E5 /* LaunchScreen.storyboard */; };
		E95B68BB1FB07C0D008143E5 /* main.m in Sources */ = {isa = PBXBuildFile; fileRef = E95B68BA1FB07C0D008143E5 /* main.m */; };
		E95B68CA1FB07E42008143E5 /* EventSource.m in Sources */ = {isa = PBXBuildFile; fileRef = E95B68C91FB07E42008143E5 /* EventSource.m */; };
		E95B68CD1FB08051008143E5 /* ChSimpleRootContainerVC.m in Sources */ = {isa = PBXBuildFile; fileRef = E95B68CC1FB08051008143E5 /* ChSimpleRootContainerVC.m */; };
		E95B68D31FB0825C008143E5 /* RootContainerVC.m in Sources */ = {isa = PBXBuildFile; fileRef = E95B68D01FB0825C008143E5 /* RootContainerVC.m */; };
		E95B68D51FB082BA008143E5 /* RootSegues.m in Sources */ = {isa = PBXBuildFile; fileRef = E95B68D41FB082BA008143E5 /* RootSegues.m */; };
		E95B68DA1FB08C8B008143E5 /* NRLoginVC.m in Sources */ = {isa = PBXBuildFile; fileRef = E95B68D91FB08C8B008143E5 /* NRLoginVC.m */; };
		E95B68DD1FB08CA0008143E5 /* NRLobbyVC.m in Sources */ = {isa = PBXBuildFile; fileRef = E95B68DC1FB08CA0008143E5 /* NRLobbyVC.m */; };
		E95B68E01FB08E2B008143E5 /* NRNestAccessService.m in Sources */ = {isa = PBXBuildFile; fileRef = E95B68DF1FB08E2B008143E5 /* NRNestAccessService.m */; };
		E95B68E31FB0BD9E008143E5 /* NRNestCameraFetcher.m in Sources */ = {isa = PBXBuildFile; fileRef = E95B68E21FB0BD9E008143E5 /* NRNestCameraFetcher.m */; };
/* End PBXBuildFile section */

/* Begin PBXFileReference section */
		E95B68A81FB07C0D008143E5 /* NestRun-Objc.app */ = {isa = PBXFileReference; explicitFileType = wrapper.application; includeInIndex = 0; path = "NestRun-Objc.app"; sourceTree = BUILT_PRODUCTS_DIR; };
		E95B68AB1FB07C0D008143E5 /* AppDelegate.h */ = {isa = PBXFileReference; lastKnownFileType = sourcecode.c.h; path = AppDelegate.h; sourceTree = "<group>"; };
		E95B68AC1FB07C0D008143E5 /* AppDelegate.m */ = {isa = PBXFileReference; lastKnownFileType = sourcecode.c.objc; path = AppDelegate.m; sourceTree = "<group>"; };
		E95B68B21FB07C0D008143E5 /* Base */ = {isa = PBXFileReference; lastKnownFileType = file.storyboard; name = Base; path = Base.lproj/Main.storyboard; sourceTree = "<group>"; };
		E95B68B41FB07C0D008143E5 /* Assets.xcassets */ = {isa = PBXFileReference; lastKnownFileType = folder.assetcatalog; path = Assets.xcassets; sourceTree = "<group>"; };
		E95B68B71FB07C0D008143E5 /* Base */ = {isa = PBXFileReference; lastKnownFileType = file.storyboard; name = Base; path = Base.lproj/LaunchScreen.storyboard; sourceTree = "<group>"; };
		E95B68B91FB07C0D008143E5 /* Info.plist */ = {isa = PBXFileReference; lastKnownFileType = text.plist.xml; path = Info.plist; sourceTree = "<group>"; };
		E95B68BA1FB07C0D008143E5 /* main.m */ = {isa = PBXFileReference; lastKnownFileType = sourcecode.c.objc; path = main.m; sourceTree = "<group>"; };
		E95B68C81FB07E42008143E5 /* EventSource.h */ = {isa = PBXFileReference; lastKnownFileType = sourcecode.c.h; path = EventSource.h; sourceTree = "<group>"; };
		E95B68C91FB07E42008143E5 /* EventSource.m */ = {isa = PBXFileReference; lastKnownFileType = sourcecode.c.objc; path = EventSource.m; sourceTree = "<group>"; };
		E95B68CB1FB08050008143E5 /* ChSimpleRootContainerVC.h */ = {isa = PBXFileReference; fileEncoding = 4; lastKnownFileType = sourcecode.c.h; path = ChSimpleRootContainerVC.h; sourceTree = "<group>"; };
		E95B68CC1FB08051008143E5 /* ChSimpleRootContainerVC.m */ = {isa = PBXFileReference; fileEncoding = 4; lastKnownFileType = sourcecode.c.objc; path = ChSimpleRootContainerVC.m; sourceTree = "<group>"; };
		E95B68D01FB0825C008143E5 /* RootContainerVC.m */ = {isa = PBXFileReference; fileEncoding = 4; lastKnownFileType = sourcecode.c.objc; path = RootContainerVC.m; sourceTree = "<group>"; };
		E95B68D11FB0825C008143E5 /* RootSegues.h */ = {isa = PBXFileReference; fileEncoding = 4; lastKnownFileType = sourcecode.c.h; path = RootSegues.h; sourceTree = "<group>"; };
		E95B68D21FB0825C008143E5 /* RootContainerVC.h */ = {isa = PBXFileReference; fileEncoding = 4; lastKnownFileType = sourcecode.c.h; path = RootContainerVC.h; sourceTree = "<group>"; };
		E95B68D41FB082BA008143E5 /* RootSegues.m */ = {isa = PBXFileReference; fileEncoding = 4; lastKnownFileType = sourcecode.c.objc; path = RootSegues.m; sourceTree = "<group>"; };
		E95B68D61FB083FA008143E5 /* appmacros.h */ = {isa = PBXFileReference; fileEncoding = 4; lastKnownFileType = sourcecode.c.h; path = appmacros.h; sourceTree = "<group>"; };
		E95B68D81FB08C8B008143E5 /* NRLoginVC.h */ = {isa = PBXFileReference; lastKnownFileType = sourcecode.c.h; path = NRLoginVC.h; sourceTree = "<group>"; };
		E95B68D91FB08C8B008143E5 /* NRLoginVC.m */ = {isa = PBXFileReference; lastKnownFileType = sourcecode.c.objc; path = NRLoginVC.m; sourceTree = "<group>"; };
		E95B68DB1FB08CA0008143E5 /* NRLobbyVC.h */ = {isa = PBXFileReference; lastKnownFileType = sourcecode.c.h; path = NRLobbyVC.h; sourceTree = "<group>"; };
		E95B68DC1FB08CA0008143E5 /* NRLobbyVC.m */ = {isa = PBXFileReference; lastKnownFileType = sourcecode.c.objc; path = NRLobbyVC.m; sourceTree = "<group>"; };
		E95B68DE1FB08E2B008143E5 /* NRNestAccessService.h */ = {isa = PBXFileReference; lastKnownFileType = sourcecode.c.h; path = NRNestAccessService.h; sourceTree = "<group>"; };
		E95B68DF1FB08E2B008143E5 /* NRNestAccessService.m */ = {isa = PBXFileReference; lastKnownFileType = sourcecode.c.objc; path = NRNestAccessService.m; sourceTree = "<group>"; };
		E95B68E11FB0BD9E008143E5 /* NRNestCameraFetcher.h */ = {isa = PBXFileReference; lastKnownFileType = sourcecode.c.h; path = NRNestCameraFetcher.h; sourceTree = "<group>"; };
		E95B68E21FB0BD9E008143E5 /* NRNestCameraFetcher.m */ = {isa = PBXFileReference; lastKnownFileType = sourcecode.c.objc; path = NRNestCameraFetcher.m; sourceTree = "<group>"; };
/* End PBXFileReference section */

/* Begin PBXFrameworksBuildPhase section */
		E95B68A51FB07C0D008143E5 /* Frameworks */ = {
			isa = PBXFrameworksBuildPhase;
			buildActionMask = 2147483647;
			files = (
			);
			runOnlyForDeploymentPostprocessing = 0;
		};
/* End PBXFrameworksBuildPhase section */

/* Begin PBXGroup section */
		E95B689F1FB07C0D008143E5 = {
			isa = PBXGroup;
			children = (
				E95B68AA1FB07C0D008143E5 /* NestRun-Objc */,
				E95B68A91FB07C0D008143E5 /* Products */,
			);
			sourceTree = "<group>";
		};
		E95B68A91FB07C0D008143E5 /* Products */ = {
			isa = PBXGroup;
			children = (
				E95B68A81FB07C0D008143E5 /* NestRun-Objc.app */,
			);
			name = Products;
			sourceTree = "<group>";
		};
		E95B68AA1FB07C0D008143E5 /* NestRun-Objc */ = {
			isa = PBXGroup;
			children = (
				E95B68C21FB07C79008143E5 /* res */,
				E95B68C11FB07C31008143E5 /* app */,
				E95B68C31FB07CA4008143E5 /* gui */,
				E95B68C41FB07CB2008143E5 /* logic */,
				E95B68C51FB07CBA008143E5 /* services */,
				E95B68C61FB07CC5008143E5 /* model */,
				E95B68C71FB07CCE008143E5 /* common */,
			);
			path = "NestRun-Objc";
			sourceTree = "<group>";
		};
		E95B68C11FB07C31008143E5 /* app */ = {
			isa = PBXGroup;
			children = (
				E95B68AB1FB07C0D008143E5 /* AppDelegate.h */,
				E95B68AC1FB07C0D008143E5 /* AppDelegate.m */,
				E95B68BA1FB07C0D008143E5 /* main.m */,
				E95B68B91FB07C0D008143E5 /* Info.plist */,
			);
			path = app;
			sourceTree = "<group>";
		};
		E95B68C21FB07C79008143E5 /* res */ = {
			isa = PBXGroup;
			children = (
				E95B68B11FB07C0D008143E5 /* Main.storyboard */,
				E95B68B41FB07C0D008143E5 /* Assets.xcassets */,
				E95B68B61FB07C0D008143E5 /* LaunchScreen.storyboard */,
			);
			path = res;
			sourceTree = "<group>";
		};
		E95B68C31FB07CA4008143E5 /* gui */ = {
			isa = PBXGroup;
			children = (
				E95B68CE1FB08054008143E5 /* basic */,
				E95B68CF1FB08065008143E5 /* root */,
				E95B68D71FB08C58008143E5 /* shell */,
			);
			path = gui;
			sourceTree = "<group>";
		};
		E95B68C41FB07CB2008143E5 /* logic */ = {
			isa = PBXGroup;
			children = (
			);
			path = logic;
			sourceTree = "<group>";
		};
		E95B68C51FB07CBA008143E5 /* services */ = {
			isa = PBXGroup;
			children = (
				E95B68DE1FB08E2B008143E5 /* NRNestAccessService.h */,
				E95B68DF1FB08E2B008143E5 /* NRNestAccessService.m */,
				E95B68E11FB0BD9E008143E5 /* NRNestCameraFetcher.h */,
				E95B68E21FB0BD9E008143E5 /* NRNestCameraFetcher.m */,
			);
			path = services;
			sourceTree = "<group>";
		};
		E95B68C61FB07CC5008143E5 /* model */ = {
			isa = PBXGroup;
			children = (
			);
			path = model;
			sourceTree = "<group>";
		};
		E95B68C71FB07CCE008143E5 /* common */ = {
			isa = PBXGroup;
			children = (
				E95B68D61FB083FA008143E5 /* appmacros.h */,
				E95B68C81FB07E42008143E5 /* EventSource.h */,
				E95B68C91FB07E42008143E5 /* EventSource.m */,
			);
			path = common;
			sourceTree = "<group>";
		};
		E95B68CE1FB08054008143E5 /* basic */ = {
			isa = PBXGroup;
			children = (
				E95B68CB1FB08050008143E5 /* ChSimpleRootContainerVC.h */,
				E95B68CC1FB08051008143E5 /* ChSimpleRootContainerVC.m */,
			);
			path = basic;
			sourceTree = "<group>";
		};
		E95B68CF1FB08065008143E5 /* root */ = {
			isa = PBXGroup;
			children = (
				E95B68D11FB0825C008143E5 /* RootSegues.h */,
				E95B68D41FB082BA008143E5 /* RootSegues.m */,
				E95B68D21FB0825C008143E5 /* RootContainerVC.h */,
				E95B68D01FB0825C008143E5 /* RootContainerVC.m */,
			);
			path = root;
			sourceTree = "<group>";
		};
		E95B68D71FB08C58008143E5 /* shell */ = {
			isa = PBXGroup;
			children = (
				E95B68D81FB08C8B008143E5 /* NRLoginVC.h */,
				E95B68D91FB08C8B008143E5 /* NRLoginVC.m */,
				E95B68DB1FB08CA0008143E5 /* NRLobbyVC.h */,
				E95B68DC1FB08CA0008143E5 /* NRLobbyVC.m */,
			);
			path = shell;
			sourceTree = "<group>";
		};
/* End PBXGroup section */

/* Begin PBXNativeTarget section */
		E95B68A71FB07C0D008143E5 /* NestRun-Objc */ = {
			isa = PBXNativeTarget;
			buildConfigurationList = E95B68BE1FB07C0D008143E5 /* Build configuration list for PBXNativeTarget "NestRun-Objc" */;
			buildPhases = (
				E95B68A41FB07C0D008143E5 /* Sources */,
				E95B68A51FB07C0D008143E5 /* Frameworks */,
				E95B68A61FB07C0D008143E5 /* Resources */,
			);
			buildRules = (
			);
			dependencies = (
			);
			name = "NestRun-Objc";
			productName = "NestRun-Objc";
			productReference = E95B68A81FB07C0D008143E5 /* NestRun-Objc.app */;
			productType = "com.apple.product-type.application";
		};
/* End PBXNativeTarget section */

/* Begin PBXProject section */
		E95B68A01FB07C0D008143E5 /* Project object */ = {
			isa = PBXProject;
			attributes = {
				LastUpgradeCheck = 0910;
				ORGANIZATIONNAME = "Dima Choock";
				TargetAttributes = {
					E95B68A71FB07C0D008143E5 = {
						CreatedOnToolsVersion = 9.1;
						ProvisioningStyle = Automatic;
					};
				};
			};
			buildConfigurationList = E95B68A31FB07C0D008143E5 /* Build configuration list for PBXProject "NestRun-Objc" */;
			compatibilityVersion = "Xcode 8.0";
			developmentRegion = en;
			hasScannedForEncodings = 0;
			knownRegions = (
				en,
				Base,
			);
			mainGroup = E95B689F1FB07C0D008143E5;
			productRefGroup = E95B68A91FB07C0D008143E5 /* Products */;
			projectDirPath = "";
			projectRoot = "";
			targets = (
				E95B68A71FB07C0D008143E5 /* NestRun-Objc */,
			);
		};
/* End PBXProject section */

/* Begin PBXResourcesBuildPhase section */
		E95B68A61FB07C0D008143E5 /* Resources */ = {
			isa = PBXResourcesBuildPhase;
			buildActionMask = 2147483647;
			files = (
				E95B68B81FB07C0D008143E5 /* LaunchScreen.storyboard in Resources */,
				E95B68B51FB07C0D008143E5 /* Assets.xcassets in Resources */,
				E95B68B31FB07C0D008143E5 /* Main.storyboard in Resources */,
			);
			runOnlyForDeploymentPostprocessing = 0;
		};
/* End PBXResourcesBuildPhase section */

/* Begin PBXSourcesBuildPhase section */
		E95B68A41FB07C0D008143E5 /* Sources */ = {
			isa = PBXSourcesBuildPhase;
			buildActionMask = 2147483647;
			files = (
				E95B68D51FB082BA008143E5 /* RootSegues.m in Sources */,
				E95B68E01FB08E2B008143E5 /* NRNestAccessService.m in Sources */,
				E95B68CD1FB08051008143E5 /* ChSimpleRootContainerVC.m in Sources */,
				E95B68D31FB0825C008143E5 /* RootContainerVC.m in Sources */,
				E95B68BB1FB07C0D008143E5 /* main.m in Sources */,
				E95B68DA1FB08C8B008143E5 /* NRLoginVC.m in Sources */,
				E95B68AD1FB07C0D008143E5 /* AppDelegate.m in Sources */,
				E95B68CA1FB07E42008143E5 /* EventSource.m in Sources */,
				E95B68E31FB0BD9E008143E5 /* NRNestCameraFetcher.m in Sources */,
				E95B68DD1FB08CA0008143E5 /* NRLobbyVC.m in Sources */,
			);
			runOnlyForDeploymentPostprocessing = 0;
		};
/* End PBXSourcesBuildPhase section */

/* Begin PBXVariantGroup section */
		E95B68B11FB07C0D008143E5 /* Main.storyboard */ = {
			isa = PBXVariantGroup;
			children = (
				E95B68B21FB07C0D008143E5 /* Base */,
			);
			name = Main.storyboard;
			sourceTree = "<group>";
		};
		E95B68B61FB07C0D008143E5 /* LaunchScreen.storyboard */ = {
			isa = PBXVariantGroup;
			children = (
				E95B68B71FB07C0D008143E5 /* Base */,
			);
			name = LaunchScreen.storyboard;
			sourceTree = "<group>";
		};
/* End PBXVariantGroup section */

/* Begin XCBuildConfiguration section */
		E95B68BC1FB07C0D008143E5 /* Debug */ = {
			isa = XCBuildConfiguration;
			buildSettings = {
				ALWAYS_SEARCH_USER_PATHS = NO;
				CLANG_ANALYZER_NONNULL = YES;
				CLANG_ANALYZER_NUMBER_OBJECT_CONVERSION = YES_AGGRESSIVE;
				CLANG_CXX_LANGUAGE_STANDARD = "gnu++14";
				CLANG_CXX_LIBRARY = "libc++";
				CLANG_ENABLE_MODULES = YES;
				CLANG_ENABLE_OBJC_ARC = YES;
				CLANG_WARN_BLOCK_CAPTURE_AUTORELEASING = YES;
				CLANG_WARN_BOOL_CONVERSION = YES;
				CLANG_WARN_COMMA = YES;
				CLANG_WARN_CONSTANT_CONVERSION = YES;
				CLANG_WARN_DIRECT_OBJC_ISA_USAGE = YES_ERROR;
				CLANG_WARN_DOCUMENTATION_COMMENTS = YES;
				CLANG_WARN_EMPTY_BODY = YES;
				CLANG_WARN_ENUM_CONVERSION = YES;
				CLANG_WARN_INFINITE_RECURSION = YES;
				CLANG_WARN_INT_CONVERSION = YES;
				CLANG_WARN_NON_LITERAL_NULL_CONVERSION = YES;
				CLANG_WARN_OBJC_LITERAL_CONVERSION = YES;
				CLANG_WARN_OBJC_ROOT_CLASS = YES_ERROR;
				CLANG_WARN_RANGE_LOOP_ANALYSIS = YES;
				CLANG_WARN_STRICT_PROTOTYPES = YES;
				CLANG_WARN_SUSPICIOUS_MOVE = YES;
				CLANG_WARN_UNGUARDED_AVAILABILITY = YES_AGGRESSIVE;
				CLANG_WARN_UNREACHABLE_CODE = YES;
				CLANG_WARN__DUPLICATE_METHOD_MATCH = YES;
				CODE_SIGN_IDENTITY = "iPhone Developer";
				COPY_PHASE_STRIP = NO;
				DEBUG_INFORMATION_FORMAT = dwarf;
				ENABLE_STRICT_OBJC_MSGSEND = YES;
				ENABLE_TESTABILITY = YES;
				GCC_C_LANGUAGE_STANDARD = gnu11;
				GCC_DYNAMIC_NO_PIC = NO;
				GCC_NO_COMMON_BLOCKS = YES;
				GCC_OPTIMIZATION_LEVEL = 0;
				GCC_PREPROCESSOR_DEFINITIONS = (
					"DEBUG=1",
					"$(inherited)",
				);
				GCC_WARN_64_TO_32_BIT_CONVERSION = YES;
				GCC_WARN_ABOUT_RETURN_TYPE = YES_ERROR;
				GCC_WARN_UNDECLARED_SELECTOR = YES;
				GCC_WARN_UNINITIALIZED_AUTOS = YES_AGGRESSIVE;
				GCC_WARN_UNUSED_FUNCTION = YES;
				GCC_WARN_UNUSED_VARIABLE = YES;
				IPHONEOS_DEPLOYMENT_TARGET = 11.1;
				MTL_ENABLE_DEBUG_INFO = YES;
				ONLY_ACTIVE_ARCH = YES;
				SDKROOT = iphoneos;
			};
			name = Debug;
		};
		E95B68BD1FB07C0D008143E5 /* Release */ = {
			isa = XCBuildConfiguration;
			buildSettings = {
				ALWAYS_SEARCH_USER_PATHS = NO;
				CLANG_ANALYZER_NONNULL = YES;
				CLANG_ANALYZER_NUMBER_OBJECT_CONVERSION = YES_AGGRESSIVE;
				CLANG_CXX_LANGUAGE_STANDARD = "gnu++14";
				CLANG_CXX_LIBRARY = "libc++";
				CLANG_ENABLE_MODULES = YES;
				CLANG_ENABLE_OBJC_ARC = YES;
				CLANG_WARN_BLOCK_CAPTURE_AUTORELEASING = YES;
				CLANG_WARN_BOOL_CONVERSION = YES;
				CLANG_WARN_COMMA = YES;
				CLANG_WARN_CONSTANT_CONVERSION = YES;
				CLANG_WARN_DIRECT_OBJC_ISA_USAGE = YES_ERROR;
				CLANG_WARN_DOCUMENTATION_COMMENTS = YES;
				CLANG_WARN_EMPTY_BODY = YES;
				CLANG_WARN_ENUM_CONVERSION = YES;
				CLANG_WARN_INFINITE_RECURSION = YES;
				CLANG_WARN_INT_CONVERSION = YES;
				CLANG_WARN_NON_LITERAL_NULL_CONVERSION = YES;
				CLANG_WARN_OBJC_LITERAL_CONVERSION = YES;
				CLANG_WARN_OBJC_ROOT_CLASS = YES_ERROR;
				CLANG_WARN_RANGE_LOOP_ANALYSIS = YES;
				CLANG_WARN_STRICT_PROTOTYPES = YES;
				CLANG_WARN_SUSPICIOUS_MOVE = YES;
				CLANG_WARN_UNGUARDED_AVAILABILITY = YES_AGGRESSIVE;
				CLANG_WARN_UNREACHABLE_CODE = YES;
				CLANG_WARN__DUPLICATE_METHOD_MATCH = YES;
				CODE_SIGN_IDENTITY = "iPhone Developer";
				COPY_PHASE_STRIP = NO;
				DEBUG_INFORMATION_FORMAT = "dwarf-with-dsym";
				ENABLE_NS_ASSERTIONS = NO;
				ENABLE_STRICT_OBJC_MSGSEND = YES;
				GCC_C_LANGUAGE_STANDARD = gnu11;
				GCC_NO_COMMON_BLOCKS = YES;
				GCC_WARN_64_TO_32_BIT_CONVERSION = YES;
				GCC_WARN_ABOUT_RETURN_TYPE = YES_ERROR;
				GCC_WARN_UNDECLARED_SELECTOR = YES;
				GCC_WARN_UNINITIALIZED_AUTOS = YES_AGGRESSIVE;
				GCC_WARN_UNUSED_FUNCTION = YES;
				GCC_WARN_UNUSED_VARIABLE = YES;
				IPHONEOS_DEPLOYMENT_TARGET = 11.1;
				MTL_ENABLE_DEBUG_INFO = NO;
				SDKROOT = iphoneos;
				VALIDATE_PRODUCT = YES;
			};
			name = Release;
		};
		E95B68BF1FB07C0D008143E5 /* Debug */ = {
			isa = XCBuildConfiguration;
			buildSettings = {
				ASSETCATALOG_COMPILER_APPICON_NAME = AppIcon;
				CODE_SIGN_STYLE = Automatic;
				DEVELOPMENT_TEAM = TU4JNXZB52;
				INFOPLIST_FILE = "$(SRCROOT)/NestRun-Objc/app/Info.plist";
				LD_RUNPATH_SEARCH_PATHS = "$(inherited) @executable_path/Frameworks";
				PRODUCT_BUNDLE_IDENTIFIER = "us.mechanik.NestRun-Objc";
				PRODUCT_NAME = "$(TARGET_NAME)";
				TARGETED_DEVICE_FAMILY = "1,2";
			};
			name = Debug;
		};
		E95B68C01FB07C0D008143E5 /* Release */ = {
			isa = XCBuildConfiguration;
			buildSettings = {
				ASSETCATALOG_COMPILER_APPICON_NAME = AppIcon;
				CODE_SIGN_STYLE = Automatic;
				DEVELOPMENT_TEAM = TU4JNXZB52;
				INFOPLIST_FILE = "$(SRCROOT)/NestRun-Objc/app/Info.plist";
				LD_RUNPATH_SEARCH_PATHS = "$(inherited) @executable_path/Frameworks";
				PRODUCT_BUNDLE_IDENTIFIER = "us.mechanik.NestRun-Objc";
				PRODUCT_NAME = "$(TARGET_NAME)";
				TARGETED_DEVICE_FAMILY = "1,2";
			};
			name = Release;
		};
/* End XCBuildConfiguration section */

/* Begin XCConfigurationList section */
		E95B68A31FB07C0D008143E5 /* Build configuration list for PBXProject "NestRun-Objc" */ = {
			isa = XCConfigurationList;
			buildConfigurations = (
				E95B68BC1FB07C0D008143E5 /* Debug */,
				E95B68BD1FB07C0D008143E5 /* Release */,
			);
			defaultConfigurationIsVisible = 0;
			defaultConfigurationName = Release;
		};
		E95B68BE1FB07C0D008143E5 /* Build configuration list for PBXNativeTarget "NestRun-Objc" */ = {
			isa = XCConfigurationList;
			buildConfigurations = (
				E95B68BF1FB07C0D008143E5 /* Debug */,
				E95B68C01FB07C0D008143E5 /* Release */,
			);
			defaultConfigurationIsVisible = 0;
			defaultConfigurationName = Release;
		};
/* End XCConfigurationList section */
	};
	rootObject = E95B68A01FB07C0D008143E5 /* Project object */;
}
